
Microsoft Visual Studio Solution File, Format Version 12.00
# Visual Studio 2013
VisualStudioVersion = 12.0.40629.0
MinimumVisualStudioVersion = 10.0.40219.1
Project("{FAE04EC0-301F-11D3-BF4B-00C04F79EFBC}") = "HowTo.Log4Net", "HowTo.Log4Net\HowTo.Log4Net.csproj", "{98181DC9-8B3C-4C13-B490-76C0751C8DD1}"
EndProject
Project("{2150E333-8FDC-42A3-9474-1A3956D46DE8}") = "Solution Items", "Solution Items", "{185BE0B7-AB0C-4014-B30B-C06489DA3EC7}"
	ProjectSection(SolutionItems) = preProject
		readme.md = readme.md
	EndProjectSection
EndProject
Global
	GlobalSection(SolutionConfigurationPlatforms) = preSolution
		Debug|Any CPU = Debug|Any CPU
		Release|Any CPU = Release|Any CPU
	EndGlobalSection
	GlobalSection(ProjectConfigurationPlatforms) = postSolution
		{98181DC9-8B3C-4C13-B490-76C0751C8DD1}.Debug|Any CPU.ActiveCfg = Debug|Any CPU
		{98181DC9-8B3C-4C13-B490-76C0751C8DD1}.Debug|Any CPU.Build.0 = Debug|Any CPU
		{98181DC9-8B3C-4C13-B490-76C0751C8DD1}.Release|Any CPU.ActiveCfg = Release|Any CPU
		{98181DC9-8B3C-4C13-B490-76C0751C8DD1}.Release|Any CPU.Build.0 = Release|Any CPU
	EndGlobalSection
	GlobalSection(SolutionProperties) = preSolution
		HideSolutionNode = FALSE
	EndGlobalSection
EndGlobal
